
Microsoft Visual Studio Solution File, Format Version 12.00
# Visual Studio Version 17
VisualStudioVersion = 17.8.34004.107
MinimumVisualStudioVersion = 10.0.40219.1
Project("{FAE04EC0-301F-11D3-BF4B-00C04F79EFBC}") = "WorldsSmallest", "..\WorldsSmallest\WorldsSmallest.csproj", "{040DB527-0D5D-4B76-B1A7-2DE623C09ED9}"
EndProject
Project("{FAE04EC0-301F-11D3-BF4B-00C04F79EFBC}") = "Seri", "..\Seri\Seri.csproj", "{95792B3F-61B8-48B7-8289-11B2B9F28B2A}"
EndProject
Global
	GlobalSection(SolutionConfigurationPlatforms) = preSolution
		Debug|Any CPU = Debug|Any CPU
		Release|Any CPU = Release|Any CPU
	EndGlobalSection
	GlobalSection(ProjectConfigurationPlatforms) = postSolution
		{040DB527-0D5D-4B76-B1A7-2DE623C09ED9}.Debug|Any CPU.ActiveCfg = Debug|Any CPU
		{040DB527-0D5D-4B76-B1A7-2DE623C09ED9}.Debug|Any CPU.Build.0 = Debug|Any CPU
		{040DB527-0D5D-4B76-B1A7-2DE623C09ED9}.Release|Any CPU.ActiveCfg = Release|Any CPU
		{040DB527-0D5D-4B76-B1A7-2DE623C09ED9}.Release|Any CPU.Build.0 = Release|Any CPU
		{95792B3F-61B8-48B7-8289-11B2B9F28B2A}.Debug|Any CPU.ActiveCfg = Debug|Any CPU
		{95792B3F-61B8-48B7-8289-11B2B9F28B2A}.Debug|Any CPU.Build.0 = Debug|Any CPU
		{95792B3F-61B8-48B7-8289-11B2B9F28B2A}.Release|Any CPU.ActiveCfg = Release|Any CPU
		{95792B3F-61B8-48B7-8289-11B2B9F28B2A}.Release|Any CPU.Build.0 = Release|Any CPU
	EndGlobalSection
	GlobalSection(SolutionProperties) = preSolution
		HideSolutionNode = FALSE
	EndGlobalSection
	GlobalSection(ExtensibilityGlobals) = postSolution
		SolutionGuid = {4687F1CB-358D-40D6-B735-581C5C8B927D}
	EndGlobalSection
EndGlobal
